
Microsoft Visual Studio Solution File, Format Version 12.00
# Visual Studio 15
VisualStudioVersion = 15.0.28010.2048
MinimumVisualStudioVersion = 10.0.40219.1
Project("{F2A71F9B-5D33-465A-A702-920D77279786}") = "FivePMTut", "FivePMTut\FivePMTut.fsproj", "{72FEF36E-F9E6-4C38-9B30-233977EC0AC6}"
EndProject
Global
	GlobalSection(SolutionConfigurationPlatforms) = preSolution
		Debug|Any CPU = Debug|Any CPU
		Release|Any CPU = Release|Any CPU
	EndGlobalSection
	GlobalSection(ProjectConfigurationPlatforms) = postSolution
		{72FEF36E-F9E6-4C38-9B30-233977EC0AC6}.Debug|Any CPU.ActiveCfg = Debug|Any CPU
		{72FEF36E-F9E6-4C38-9B30-233977EC0AC6}.Debug|Any CPU.Build.0 = Debug|Any CPU
		{72FEF36E-F9E6-4C38-9B30-233977EC0AC6}.Release|Any CPU.ActiveCfg = Release|Any CPU
		{72FEF36E-F9E6-4C38-9B30-233977EC0AC6}.Release|Any CPU.Build.0 = Release|Any CPU
	EndGlobalSection
	GlobalSection(SolutionProperties) = preSolution
		HideSolutionNode = FALSE
	EndGlobalSection
	GlobalSection(ExtensibilityGlobals) = postSolution
		SolutionGuid = {EA756220-2D95-4AB0-96C2-A5C5F0CF08A4}
	EndGlobalSection
EndGlobal
